
Microsoft Visual Studio Solution File, Format Version 12.00
# Visual Studio Version 17
VisualStudioVersion = 17.2.32630.192
MinimumVisualStudioVersion = 10.0.40219.1
Project("{FAE04EC0-301F-11D3-BF4B-00C04F79EFBC}") = "Spirograph", "Spirograph\Spirograph.csproj", "{4955E5C1-5805-4668-99FE-283902DABFC1}"
EndProject
Global
	GlobalSection(SolutionConfigurationPlatforms) = preSolution
		Debug|Any CPU = Debug|Any CPU
		Release|Any CPU = Release|Any CPU
	EndGlobalSection
	GlobalSection(ProjectConfigurationPlatforms) = postSolution
		{4955E5C1-5805-4668-99FE-283902DABFC1}.Debug|Any CPU.ActiveCfg = Debug|Any CPU
		{4955E5C1-5805-4668-99FE-283902DABFC1}.Debug|Any CPU.Build.0 = Debug|Any CPU
		{4955E5C1-5805-4668-99FE-283902DABFC1}.Release|Any CPU.ActiveCfg = Release|Any CPU
		{4955E5C1-5805-4668-99FE-283902DABFC1}.Release|Any CPU.Build.0 = Release|Any CPU
	EndGlobalSection
	GlobalSection(SolutionProperties) = preSolution
		HideSolutionNode = FALSE
	EndGlobalSection
	GlobalSection(ExtensibilityGlobals) = postSolution
		SolutionGuid = {65DD03E0-A097-48F1-8FF3-6AAFB9BADDA5}
	EndGlobalSection
EndGlobal
